
Microsoft Visual Studio Solution File, Format Version 12.00
# Visual Studio Version 17
VisualStudioVersion = 17.12.35707.178
MinimumVisualStudioVersion = 10.0.40219.1
Project("{2150E333-8FDC-42A3-9474-1A3956D46DE8}") = "Services", "Services", "{33B37288-5D4B-4CED-8294-D8EC21CAB35E}"
EndProject
Project("{2150E333-8FDC-42A3-9474-1A3956D46DE8}") = "Catalog", "Catalog", "{684D4F3D-BEC8-4E15-B054-A4D828A977D6}"
EndProject
Project("{FAE04EC0-301F-11D3-BF4B-00C04F79EFBC}") = "Multishop.Catalog", "Services\Catalog\Multishop.Catalog\Multishop.Catalog.csproj", "{AF5F0DE3-29D6-4E2B-862C-59B56470C8CB}"
EndProject
Project("{2150E333-8FDC-42A3-9474-1A3956D46DE8}") = "Discount", "Discount", "{BDF2F812-E273-4E03-92F8-836A5693538A}"
EndProject
Project("{FAE04EC0-301F-11D3-BF4B-00C04F79EFBC}") = "MultiShop.Discount", "Services\Discount\MultiShop.Discount\MultiShop.Discount.csproj", "{D59D949F-FBF2-4FB6-87AD-F1DD7142327F}"
EndProject
Project("{2150E333-8FDC-42A3-9474-1A3956D46DE8}") = "Order", "Order", "{9CCAEC65-6373-47F2-B774-83E94CCD6818}"
EndProject
Project("{2150E333-8FDC-42A3-9474-1A3956D46DE8}") = "Core", "Core", "{76849DD2-97BA-4F0F-B109-6459CF06090B}"
EndProject
Project("{2150E333-8FDC-42A3-9474-1A3956D46DE8}") = "Infrastructure", "Infrastructure", "{93AEA093-B58C-4F22-B74F-6A5AD174D800}"
EndProject
Project("{2150E333-8FDC-42A3-9474-1A3956D46DE8}") = "Presentation", "Presentation", "{573D0AD0-DE82-4894-A9D9-2A7DB8AEB9BD}"
EndProject
Project("{FAE04EC0-301F-11D3-BF4B-00C04F79EFBC}") = "MultiShop.Order.Domain", "Services\Order\Core\MultiShop.Order.Domain\MultiShop.Order.Domain.csproj", "{E51A7308-588E-4F52-989A-76F1461F5798}"
EndProject
Project("{FAE04EC0-301F-11D3-BF4B-00C04F79EFBC}") = "MultiShop.Order.Application", "Services\Order\Core\MultiShop.Order.Application\MultiShop.Order.Application.csproj", "{9631ED36-A2CB-432A-981E-BA9265E1ACE5}"
EndProject
Project("{FAE04EC0-301F-11D3-BF4B-00C04F79EFBC}") = "MultiShop.Order.Persistence", "Services\Order\Infrastructure\MultiShop.Order.Persistence\MultiShop.Order.Persistence.csproj", "{BEB22107-A4FA-404F-B97F-D5635F302F48}"
EndProject
Project("{FAE04EC0-301F-11D3-BF4B-00C04F79EFBC}") = "MultiShop.Order.WebApi", "Services\Order\Presentation\MultiShop.Order.WebApi\MultiShop.Order.WebApi.csproj", "{ABBE6992-BCB2-42E1-B6B2-447C140D64E7}"
EndProject
Project("{2150E333-8FDC-42A3-9474-1A3956D46DE8}") = "Basket", "Basket", "{A3B11842-317D-43F9-8DE6-C1CFA6178BE5}"
EndProject
Project("{FAE04EC0-301F-11D3-BF4B-00C04F79EFBC}") = "MultiShop.Basket", "Services\Basket\MultiShop.Basket\MultiShop.Basket.csproj", "{319A3C17-F826-478E-ACF8-A615AD6CB0BC}"
EndProject
Project("{2150E333-8FDC-42A3-9474-1A3956D46DE8}") = "IdentityServer", "IdentityServer", "{A9966E37-81B5-4626-8BA8-44ED47CB7E39}"
EndProject
Project("{FAE04EC0-301F-11D3-BF4B-00C04F79EFBC}") = "MultiShop.IdentityServer", "IdentityServer\MultiShop.IdentityServer\MultiShop.IdentityServer.csproj", "{4A0C145F-F8C5-49A7-B0CE-A0BC3F708BB7}"
EndProject
Project("{2150E333-8FDC-42A3-9474-1A3956D46DE8}") = "Frontends", "Frontends", "{A2C43033-179D-4D77-A086-4B02F407F39E}"
EndProject
Project("{FAE04EC0-301F-11D3-BF4B-00C04F79EFBC}") = "MultiShop.WebUI", "Frontends\MultiShop.WebUI\MultiShop.WebUI.csproj", "{E28D6D37-5FE2-46B3-94C0-A338960E25C6}"
EndProject
Global
	GlobalSection(SolutionConfigurationPlatforms) = preSolution
		Debug|Any CPU = Debug|Any CPU
		Release|Any CPU = Release|Any CPU
	EndGlobalSection
	GlobalSection(ProjectConfigurationPlatforms) = postSolution
		{AF5F0DE3-29D6-4E2B-862C-59B56470C8CB}.Debug|Any CPU.ActiveCfg = Debug|Any CPU
		{AF5F0DE3-29D6-4E2B-862C-59B56470C8CB}.Debug|Any CPU.Build.0 = Debug|Any CPU
		{AF5F0DE3-29D6-4E2B-862C-59B56470C8CB}.Release|Any CPU.ActiveCfg = Release|Any CPU
		{AF5F0DE3-29D6-4E2B-862C-59B56470C8CB}.Release|Any CPU.Build.0 = Release|Any CPU
		{D59D949F-FBF2-4FB6-87AD-F1DD7142327F}.Debug|Any CPU.ActiveCfg = Debug|Any CPU
		{D59D949F-FBF2-4FB6-87AD-F1DD7142327F}.Debug|Any CPU.Build.0 = Debug|Any CPU
		{D59D949F-FBF2-4FB6-87AD-F1DD7142327F}.Release|Any CPU.ActiveCfg = Release|Any CPU
		{D59D949F-FBF2-4FB6-87AD-F1DD7142327F}.Release|Any CPU.Build.0 = Release|Any CPU
		{E51A7308-588E-4F52-989A-76F1461F5798}.Debug|Any CPU.ActiveCfg = Debug|Any CPU
		{E51A7308-588E-4F52-989A-76F1461F5798}.Debug|Any CPU.Build.0 = Debug|Any CPU
		{E51A7308-588E-4F52-989A-76F1461F5798}.Release|Any CPU.ActiveCfg = Release|Any CPU
		{E51A7308-588E-4F52-989A-76F1461F5798}.Release|Any CPU.Build.0 = Release|Any CPU
		{9631ED36-A2CB-432A-981E-BA9265E1ACE5}.Debug|Any CPU.ActiveCfg = Debug|Any CPU
		{9631ED36-A2CB-432A-981E-BA9265E1ACE5}.Debug|Any CPU.Build.0 = Debug|Any CPU
		{9631ED36-A2CB-432A-981E-BA9265E1ACE5}.Release|Any CPU.ActiveCfg = Release|Any CPU
		{9631ED36-A2CB-432A-981E-BA9265E1ACE5}.Release|Any CPU.Build.0 = Release|Any CPU
		{BEB22107-A4FA-404F-B97F-D5635F302F48}.Debug|Any CPU.ActiveCfg = Debug|Any CPU
		{BEB22107-A4FA-404F-B97F-D5635F302F48}.Debug|Any CPU.Build.0 = Debug|Any CPU
		{BEB22107-A4FA-404F-B97F-D5635F302F48}.Release|Any CPU.ActiveCfg = Release|Any CPU
		{BEB22107-A4FA-404F-B97F-D5635F302F48}.Release|Any CPU.Build.0 = Release|Any CPU
		{ABBE6992-BCB2-42E1-B6B2-447C140D64E7}.Debug|Any CPU.ActiveCfg = Debug|Any CPU
		{ABBE6992-BCB2-42E1-B6B2-447C140D64E7}.Debug|Any CPU.Build.0 = Debug|Any CPU
		{ABBE6992-BCB2-42E1-B6B2-447C140D64E7}.Release|Any CPU.ActiveCfg = Release|Any CPU
		{ABBE6992-BCB2-42E1-B6B2-447C140D64E7}.Release|Any CPU.Build.0 = Release|Any CPU
		{319A3C17-F826-478E-ACF8-A615AD6CB0BC}.Debug|Any CPU.ActiveCfg = Debug|Any CPU
		{319A3C17-F826-478E-ACF8-A615AD6CB0BC}.Debug|Any CPU.Build.0 = Debug|Any CPU
		{319A3C17-F826-478E-ACF8-A615AD6CB0BC}.Release|Any CPU.ActiveCfg = Release|Any CPU
		{319A3C17-F826-478E-ACF8-A615AD6CB0BC}.Release|Any CPU.Build.0 = Release|Any CPU
		{4A0C145F-F8C5-49A7-B0CE-A0BC3F708BB7}.Debug|Any CPU.ActiveCfg = Debug|Any CPU
		{4A0C145F-F8C5-49A7-B0CE-A0BC3F708BB7}.Debug|Any CPU.Build.0 = Debug|Any CPU
		{4A0C145F-F8C5-49A7-B0CE-A0BC3F708BB7}.Release|Any CPU.ActiveCfg = Release|Any CPU
		{4A0C145F-F8C5-49A7-B0CE-A0BC3F708BB7}.Release|Any CPU.Build.0 = Release|Any CPU
		{E28D6D37-5FE2-46B3-94C0-A338960E25C6}.Debug|Any CPU.ActiveCfg = Debug|Any CPU
		{E28D6D37-5FE2-46B3-94C0-A338960E25C6}.Debug|Any CPU.Build.0 = Debug|Any CPU
		{E28D6D37-5FE2-46B3-94C0-A338960E25C6}.Release|Any CPU.ActiveCfg = Release|Any CPU
		{E28D6D37-5FE2-46B3-94C0-A338960E25C6}.Release|Any CPU.Build.0 = Release|Any CPU
	EndGlobalSection
	GlobalSection(SolutionProperties) = preSolution
		HideSolutionNode = FALSE
	EndGlobalSection
	GlobalSection(NestedProjects) = preSolution
		{684D4F3D-BEC8-4E15-B054-A4D828A977D6} = {33B37288-5D4B-4CED-8294-D8EC21CAB35E}
		{AF5F0DE3-29D6-4E2B-862C-59B56470C8CB} = {684D4F3D-BEC8-4E15-B054-A4D828A977D6}
		{BDF2F812-E273-4E03-92F8-836A5693538A} = {33B37288-5D4B-4CED-8294-D8EC21CAB35E}
		{D59D949F-FBF2-4FB6-87AD-F1DD7142327F} = {BDF2F812-E273-4E03-92F8-836A5693538A}
		{9CCAEC65-6373-47F2-B774-83E94CCD6818} = {33B37288-5D4B-4CED-8294-D8EC21CAB35E}
		{76849DD2-97BA-4F0F-B109-6459CF06090B} = {9CCAEC65-6373-47F2-B774-83E94CCD6818}
		{93AEA093-B58C-4F22-B74F-6A5AD174D800} = {9CCAEC65-6373-47F2-B774-83E94CCD6818}
		{573D0AD0-DE82-4894-A9D9-2A7DB8AEB9BD} = {9CCAEC65-6373-47F2-B774-83E94CCD6818}
		{E51A7308-588E-4F52-989A-76F1461F5798} = {76849DD2-97BA-4F0F-B109-6459CF06090B}
		{9631ED36-A2CB-432A-981E-BA9265E1ACE5} = {76849DD2-97BA-4F0F-B109-6459CF06090B}
		{BEB22107-A4FA-404F-B97F-D5635F302F48} = {93AEA093-B58C-4F22-B74F-6A5AD174D800}
		{ABBE6992-BCB2-42E1-B6B2-447C140D64E7} = {573D0AD0-DE82-4894-A9D9-2A7DB8AEB9BD}
		{A3B11842-317D-43F9-8DE6-C1CFA6178BE5} = {33B37288-5D4B-4CED-8294-D8EC21CAB35E}
		{319A3C17-F826-478E-ACF8-A615AD6CB0BC} = {A3B11842-317D-43F9-8DE6-C1CFA6178BE5}
		{4A0C145F-F8C5-49A7-B0CE-A0BC3F708BB7} = {A9966E37-81B5-4626-8BA8-44ED47CB7E39}
		{E28D6D37-5FE2-46B3-94C0-A338960E25C6} = {A2C43033-179D-4D77-A086-4B02F407F39E}
	EndGlobalSection
EndGlobal
